
Microsoft Visual Studio Solution File, Format Version 12.00
# Visual Studio 14
VisualStudioVersion = 14.0.25420.1
MinimumVisualStudioVersion = 10.0.40219.1
Project("{FAE04EC0-301F-11D3-BF4B-00C04F79EFBC}") = "Liquidacio", "Liquidacio\Liquidacio.csproj", "{819D426F-63F0-47CC-B18D-FBE142A769FF}"
EndProject
Project("{FAE04EC0-301F-11D3-BF4B-00C04F79EFBC}") = "Biblioteca", "Biblioteca\Biblioteca.csproj", "{D8BE14FC-386C-41F0-9203-B9D1EE6D5B95}"
EndProject
Global
	GlobalSection(SolutionConfigurationPlatforms) = preSolution
		Debug|Any CPU = Debug|Any CPU
		Release|Any CPU = Release|Any CPU
	EndGlobalSection
	GlobalSection(ProjectConfigurationPlatforms) = postSolution
		{819D426F-63F0-47CC-B18D-FBE142A769FF}.Debug|Any CPU.ActiveCfg = Debug|Any CPU
		{819D426F-63F0-47CC-B18D-FBE142A769FF}.Debug|Any CPU.Build.0 = Debug|Any CPU
		{819D426F-63F0-47CC-B18D-FBE142A769FF}.Release|Any CPU.ActiveCfg = Release|Any CPU
		{819D426F-63F0-47CC-B18D-FBE142A769FF}.Release|Any CPU.Build.0 = Release|Any CPU
		{D8BE14FC-386C-41F0-9203-B9D1EE6D5B95}.Debug|Any CPU.ActiveCfg = Debug|Any CPU
		{D8BE14FC-386C-41F0-9203-B9D1EE6D5B95}.Debug|Any CPU.Build.0 = Debug|Any CPU
		{D8BE14FC-386C-41F0-9203-B9D1EE6D5B95}.Release|Any CPU.ActiveCfg = Release|Any CPU
		{D8BE14FC-386C-41F0-9203-B9D1EE6D5B95}.Release|Any CPU.Build.0 = Release|Any CPU
	EndGlobalSection
	GlobalSection(SolutionProperties) = preSolution
		HideSolutionNode = FALSE
	EndGlobalSection
EndGlobal
